// !$*UTF8*$!
{
	archiveVersion = 1;
	classes = {
	};
	objectVersion = 56;
	objects = {

/* Begin PBXBuildFile section */
		0A0CC6AB28FF32740069A6C2 /* URLSessionHTTPClient.swift in Sources */ = {isa = PBXBuildFile; fileRef = 0A0CC6AA28FF32740069A6C2 /* URLSessionHTTPClient.swift */; };
		0A0CC6AD28FF32A90069A6C2 /* HTTPClient.swift in Sources */ = {isa = PBXBuildFile; fileRef = 0A0CC6AC28FF32A90069A6C2 /* HTTPClient.swift */; };
		0A29297729165398009ED52B /* LocalFeedImage.swift in Sources */ = {isa = PBXBuildFile; fileRef = 0A29297629165398009ED52B /* LocalFeedImage.swift */; };
		0A292979291653AC009ED52B /* RemoteFeedItem.swift in Sources */ = {isa = PBXBuildFile; fileRef = 0A292978291653AC009ED52B /* RemoteFeedItem.swift */; };
		0A29297D291AADEA009ED52B /* LoadFeedFromCacheUseCaseTests.swift in Sources */ = {isa = PBXBuildFile; fileRef = 0A29297C291AADEA009ED52B /* LoadFeedFromCacheUseCaseTests.swift */; };
		0A292980291AAE60009ED52B /* FeedStoreSpy.swift in Sources */ = {isa = PBXBuildFile; fileRef = 0A29297F291AAE60009ED52B /* FeedStoreSpy.swift */; };
		0A292AB729216907009ED52B /* ValidateFeedUseCaseTests.swift in Sources */ = {isa = PBXBuildFile; fileRef = 0A292AB629216907009ED52B /* ValidateFeedUseCaseTests.swift */; };
		0A292AB929216DC7009ED52B /* FeedCacheTestHelpers.swift in Sources */ = {isa = PBXBuildFile; fileRef = 0A292AB829216DC7009ED52B /* FeedCacheTestHelpers.swift */; };
		0A32AF1928F1588000FA9341 /* RemoteFeedLoader.swift in Sources */ = {isa = PBXBuildFile; fileRef = 0A32AF1828F1588000FA9341 /* RemoteFeedLoader.swift */; };
		0A39175928FA83D9009D86BD /* URLSessionHTTPClientTests.swift in Sources */ = {isa = PBXBuildFile; fileRef = 0A39175828FA83D9009D86BD /* URLSessionHTTPClientTests.swift */; };
		0A6CF40129144FCF000076EA /* LocalFeedLoader.swift in Sources */ = {isa = PBXBuildFile; fileRef = 0A6CF40029144FCF000076EA /* LocalFeedLoader.swift */; };
		0A6CF40329144FF2000076EA /* FeedStore.swift in Sources */ = {isa = PBXBuildFile; fileRef = 0A6CF40229144FF2000076EA /* FeedStore.swift */; };
		0AAAE1752903C0750063A8A6 /* EssentialFeedAPIEndToEndTests.swift in Sources */ = {isa = PBXBuildFile; fileRef = 0AAAE1742903C0750063A8A6 /* EssentialFeedAPIEndToEndTests.swift */; };
		0AAAE1762903C0750063A8A6 /* EssentialFeed.framework in Frameworks */ = {isa = PBXBuildFile; fileRef = 0AD277FA28EE140A000C3602 /* EssentialFeed.framework */; };
		0AD2780328EE140B000C3602 /* EssentialFeed.framework in Frameworks */ = {isa = PBXBuildFile; fileRef = 0AD277FA28EE140A000C3602 /* EssentialFeed.framework */; };
		0AD2780928EE140B000C3602 /* EssentialFeed.h in Headers */ = {isa = PBXBuildFile; fileRef = 0AD277FD28EE140A000C3602 /* EssentialFeed.h */; settings = {ATTRIBUTES = (Public, ); }; };
		0AD2781328EE1416000C3602 /* FeedImage.swift in Sources */ = {isa = PBXBuildFile; fileRef = 0AD2781228EE1416000C3602 /* FeedImage.swift */; };
		0AD2781528EE14C4000C3602 /* FeedLoader.swift in Sources */ = {isa = PBXBuildFile; fileRef = 0AD2781428EE14C4000C3602 /* FeedLoader.swift */; };
		0AD27D5E2903C3D900008D13 /* XCTestCase+memoryLeakTracking.swift in Sources */ = {isa = PBXBuildFile; fileRef = 0AD27D5D2903C3D900008D13 /* XCTestCase+memoryLeakTracking.swift */; };
		0AD27D5F2903C41300008D13 /* XCTestCase+memoryLeakTracking.swift in Sources */ = {isa = PBXBuildFile; fileRef = 0AD27D5D2903C3D900008D13 /* XCTestCase+memoryLeakTracking.swift */; };
		0ADC7E132910CDFA00781E90 /* CacheFeedUseCaseTests.swift in Sources */ = {isa = PBXBuildFile; fileRef = 0ADC7E122910CDFA00781E90 /* CacheFeedUseCaseTests.swift */; };
		0AF70A1128EF52B600F8AC7E /* RemoteFeedLoaderTests.swift in Sources */ = {isa = PBXBuildFile; fileRef = 0AF70A1028EF52B600F8AC7E /* RemoteFeedLoaderTests.swift */; };
/* End PBXBuildFile section */

/* Begin PBXContainerItemProxy section */
		0AAAE1772903C0750063A8A6 /* PBXContainerItemProxy */ = {
			isa = PBXContainerItemProxy;
			containerPortal = 0AD277F128EE140A000C3602 /* Project object */;
			proxyType = 1;
			remoteGlobalIDString = 0AD277F928EE140A000C3602;
			remoteInfo = EssentialFeed;
		};
		0AD2780428EE140B000C3602 /* PBXContainerItemProxy */ = {
			isa = PBXContainerItemProxy;
			containerPortal = 0AD277F128EE140A000C3602 /* Project object */;
			proxyType = 1;
			remoteGlobalIDString = 0AD277F928EE140A000C3602;
			remoteInfo = EssentialFeed;
		};
/* End PBXContainerItemProxy section */

/* Begin PBXFileReference section */
		0A0CC6AA28FF32740069A6C2 /* URLSessionHTTPClient.swift */ = {isa = PBXFileReference; lastKnownFileType = sourcecode.swift; path = URLSessionHTTPClient.swift; sourceTree = "<group>"; };
		0A0CC6AC28FF32A90069A6C2 /* HTTPClient.swift */ = {isa = PBXFileReference; lastKnownFileType = sourcecode.swift; path = HTTPClient.swift; sourceTree = "<group>"; };
		0A29297629165398009ED52B /* LocalFeedImage.swift */ = {isa = PBXFileReference; lastKnownFileType = sourcecode.swift; path = LocalFeedImage.swift; sourceTree = "<group>"; };
		0A292978291653AC009ED52B /* RemoteFeedItem.swift */ = {isa = PBXFileReference; lastKnownFileType = sourcecode.swift; path = RemoteFeedItem.swift; sourceTree = "<group>"; };
		0A29297C291AADEA009ED52B /* LoadFeedFromCacheUseCaseTests.swift */ = {isa = PBXFileReference; lastKnownFileType = sourcecode.swift; path = LoadFeedFromCacheUseCaseTests.swift; sourceTree = "<group>"; };
		0A29297F291AAE60009ED52B /* FeedStoreSpy.swift */ = {isa = PBXFileReference; lastKnownFileType = sourcecode.swift; path = FeedStoreSpy.swift; sourceTree = "<group>"; };
		0A292AB629216907009ED52B /* ValidateFeedUseCaseTests.swift */ = {isa = PBXFileReference; lastKnownFileType = sourcecode.swift; path = ValidateFeedUseCaseTests.swift; sourceTree = "<group>"; };
		0A292AB829216DC7009ED52B /* FeedCacheTestHelpers.swift */ = {isa = PBXFileReference; lastKnownFileType = sourcecode.swift; path = FeedCacheTestHelpers.swift; sourceTree = "<group>"; };
		0A32AF1828F1588000FA9341 /* RemoteFeedLoader.swift */ = {isa = PBXFileReference; lastKnownFileType = sourcecode.swift; path = RemoteFeedLoader.swift; sourceTree = "<group>"; };
		0A39175828FA83D9009D86BD /* URLSessionHTTPClientTests.swift */ = {isa = PBXFileReference; lastKnownFileType = sourcecode.swift; path = URLSessionHTTPClientTests.swift; sourceTree = "<group>"; };
		0A6CF40029144FCF000076EA /* LocalFeedLoader.swift */ = {isa = PBXFileReference; lastKnownFileType = sourcecode.swift; path = LocalFeedLoader.swift; sourceTree = "<group>"; };
		0A6CF40229144FF2000076EA /* FeedStore.swift */ = {isa = PBXFileReference; lastKnownFileType = sourcecode.swift; path = FeedStore.swift; sourceTree = "<group>"; };
		0AAAE1722903C0750063A8A6 /* EssentialFeedAPIEndToEndTests.xctest */ = {isa = PBXFileReference; explicitFileType = wrapper.cfbundle; includeInIndex = 0; path = EssentialFeedAPIEndToEndTests.xctest; sourceTree = BUILT_PRODUCTS_DIR; };
		0AAAE1742903C0750063A8A6 /* EssentialFeedAPIEndToEndTests.swift */ = {isa = PBXFileReference; lastKnownFileType = sourcecode.swift; path = EssentialFeedAPIEndToEndTests.swift; sourceTree = "<group>"; };
		0AD277FA28EE140A000C3602 /* EssentialFeed.framework */ = {isa = PBXFileReference; explicitFileType = wrapper.framework; includeInIndex = 0; path = EssentialFeed.framework; sourceTree = BUILT_PRODUCTS_DIR; };
		0AD277FD28EE140A000C3602 /* EssentialFeed.h */ = {isa = PBXFileReference; lastKnownFileType = sourcecode.c.h; path = EssentialFeed.h; sourceTree = "<group>"; };
		0AD2780228EE140B000C3602 /* EssentialFeedTests.xctest */ = {isa = PBXFileReference; explicitFileType = wrapper.cfbundle; includeInIndex = 0; path = EssentialFeedTests.xctest; sourceTree = BUILT_PRODUCTS_DIR; };
		0AD2781228EE1416000C3602 /* FeedImage.swift */ = {isa = PBXFileReference; lastKnownFileType = sourcecode.swift; path = FeedImage.swift; sourceTree = "<group>"; };
		0AD2781428EE14C4000C3602 /* FeedLoader.swift */ = {isa = PBXFileReference; lastKnownFileType = sourcecode.swift; path = FeedLoader.swift; sourceTree = "<group>"; };
		0AD27D5D2903C3D900008D13 /* XCTestCase+memoryLeakTracking.swift */ = {isa = PBXFileReference; lastKnownFileType = sourcecode.swift; path = "XCTestCase+memoryLeakTracking.swift"; sourceTree = "<group>"; };
		0ADC7E122910CDFA00781E90 /* CacheFeedUseCaseTests.swift */ = {isa = PBXFileReference; lastKnownFileType = sourcecode.swift; path = CacheFeedUseCaseTests.swift; sourceTree = "<group>"; };
		0AF70A0F28EF52B600F8AC7E /* EssentialFeedTests-Bridging-Header.h */ = {isa = PBXFileReference; lastKnownFileType = sourcecode.c.h; path = "EssentialFeedTests-Bridging-Header.h"; sourceTree = "<group>"; };
		0AF70A1028EF52B600F8AC7E /* RemoteFeedLoaderTests.swift */ = {isa = PBXFileReference; lastKnownFileType = sourcecode.swift; path = RemoteFeedLoaderTests.swift; sourceTree = "<group>"; };
/* End PBXFileReference section */

/* Begin PBXFrameworksBuildPhase section */
		0AAAE16F2903C0750063A8A6 /* Frameworks */ = {
			isa = PBXFrameworksBuildPhase;
			buildActionMask = 2147483647;
			files = (
				0AAAE1762903C0750063A8A6 /* EssentialFeed.framework in Frameworks */,
			);
			runOnlyForDeploymentPostprocessing = 0;
		};
		0AD277F728EE140A000C3602 /* Frameworks */ = {
			isa = PBXFrameworksBuildPhase;
			buildActionMask = 2147483647;
			files = (
			);
			runOnlyForDeploymentPostprocessing = 0;
		};
		0AD277FF28EE140B000C3602 /* Frameworks */ = {
			isa = PBXFrameworksBuildPhase;
			buildActionMask = 2147483647;
			files = (
				0AD2780328EE140B000C3602 /* EssentialFeed.framework in Frameworks */,
			);
			runOnlyForDeploymentPostprocessing = 0;
		};
/* End PBXFrameworksBuildPhase section */

/* Begin PBXGroup section */
		0A29297E291AAE5A009ED52B /* Helpers */ = {
			isa = PBXGroup;
			children = (
				0A29297F291AAE60009ED52B /* FeedStoreSpy.swift */,
				0A292AB829216DC7009ED52B /* FeedCacheTestHelpers.swift */,
			);
			path = Helpers;
			sourceTree = "<group>";
		};
		0A32AF1628F1573900FA9341 /* FeedAPI */ = {
			isa = PBXGroup;
			children = (
				0A292978291653AC009ED52B /* RemoteFeedItem.swift */,
				0A32AF1828F1588000FA9341 /* RemoteFeedLoader.swift */,
				0A0CC6AC28FF32A90069A6C2 /* HTTPClient.swift */,
				0A0CC6AA28FF32740069A6C2 /* URLSessionHTTPClient.swift */,
			);
			path = FeedAPI;
			sourceTree = "<group>";
		};
		0A32AF1728F1574300FA9341 /* Feed Feature */ = {
			isa = PBXGroup;
			children = (
				0AD2781228EE1416000C3602 /* FeedImage.swift */,
				0AD2781428EE14C4000C3602 /* FeedLoader.swift */,
			);
			path = "Feed Feature";
			sourceTree = "<group>";
		};
		0A6CF3FF29144FC4000076EA /* Feed Cache */ = {
			isa = PBXGroup;
			children = (
				0A6CF40029144FCF000076EA /* LocalFeedLoader.swift */,
				0A6CF40229144FF2000076EA /* FeedStore.swift */,
				0A29297629165398009ED52B /* LocalFeedImage.swift */,
			);
			path = "Feed Cache";
			sourceTree = "<group>";
		};
		0AAAE1732903C0750063A8A6 /* EssentialFeedAPIEndToEndTests */ = {
			isa = PBXGroup;
			children = (
				0AAAE1742903C0750063A8A6 /* EssentialFeedAPIEndToEndTests.swift */,
			);
			path = EssentialFeedAPIEndToEndTests;
			sourceTree = "<group>";
		};
		0AD277F028EE140A000C3602 = {
			isa = PBXGroup;
			children = (
				0AD277FC28EE140A000C3602 /* EssentialFeed */,
				0AD2780628EE140B000C3602 /* EssentialFeedTests */,
				0AAAE1732903C0750063A8A6 /* EssentialFeedAPIEndToEndTests */,
				0AD277FB28EE140A000C3602 /* Products */,
			);
			sourceTree = "<group>";
		};
		0AD277FB28EE140A000C3602 /* Products */ = {
			isa = PBXGroup;
			children = (
				0AD277FA28EE140A000C3602 /* EssentialFeed.framework */,
				0AD2780228EE140B000C3602 /* EssentialFeedTests.xctest */,
				0AAAE1722903C0750063A8A6 /* EssentialFeedAPIEndToEndTests.xctest */,
			);
			name = Products;
			sourceTree = "<group>";
		};
		0AD277FC28EE140A000C3602 /* EssentialFeed */ = {
			isa = PBXGroup;
			children = (
				0AD277FD28EE140A000C3602 /* EssentialFeed.h */,
				0AD2781628EE154E000C3602 /* Feed Feature */,
			);
			path = EssentialFeed;
			sourceTree = "<group>";
		};
		0AD2780628EE140B000C3602 /* EssentialFeedTests */ = {
			isa = PBXGroup;
			children = (
				0AD27D5C2903C3B400008D13 /* Helpers */,
				0ADC7E112910CDE700781E90 /* FeedCache */,
				0ADC7E102910CDCE00781E90 /* FeedAPI */,
				0AF70A0F28EF52B600F8AC7E /* EssentialFeedTests-Bridging-Header.h */,
			);
			path = EssentialFeedTests;
			sourceTree = "<group>";
		};
		0AD2781628EE154E000C3602 /* Feed Feature */ = {
			isa = PBXGroup;
			children = (
				0A6CF3FF29144FC4000076EA /* Feed Cache */,
				0A32AF1728F1574300FA9341 /* Feed Feature */,
				0A32AF1628F1573900FA9341 /* FeedAPI */,
			);
			path = "Feed Feature";
			sourceTree = "<group>";
		};
		0AD27D5C2903C3B400008D13 /* Helpers */ = {
			isa = PBXGroup;
			children = (
				0AD27D5D2903C3D900008D13 /* XCTestCase+memoryLeakTracking.swift */,
			);
			path = Helpers;
			sourceTree = "<group>";
		};
		0ADC7E102910CDCE00781E90 /* FeedAPI */ = {
			isa = PBXGroup;
			children = (
				0AF70A1028EF52B600F8AC7E /* RemoteFeedLoaderTests.swift */,
				0A39175828FA83D9009D86BD /* URLSessionHTTPClientTests.swift */,
			);
			path = FeedAPI;
			sourceTree = "<group>";
		};
		0ADC7E112910CDE700781E90 /* FeedCache */ = {
			isa = PBXGroup;
			children = (
				0A29297E291AAE5A009ED52B /* Helpers */,
				0ADC7E122910CDFA00781E90 /* CacheFeedUseCaseTests.swift */,
				0A29297C291AADEA009ED52B /* LoadFeedFromCacheUseCaseTests.swift */,
				0A292AB629216907009ED52B /* ValidateFeedUseCaseTests.swift */,
			);
			path = FeedCache;
			sourceTree = "<group>";
		};
/* End PBXGroup section */

/* Begin PBXHeadersBuildPhase section */
		0AD277F528EE140A000C3602 /* Headers */ = {
			isa = PBXHeadersBuildPhase;
			buildActionMask = 2147483647;
			files = (
				0AD2780928EE140B000C3602 /* EssentialFeed.h in Headers */,
			);
			runOnlyForDeploymentPostprocessing = 0;
		};
/* End PBXHeadersBuildPhase section */

/* Begin PBXNativeTarget section */
		0AAAE1712903C0750063A8A6 /* EssentialFeedAPIEndToEndTests */ = {
			isa = PBXNativeTarget;
			buildConfigurationList = 0AAAE17B2903C0750063A8A6 /* Build configuration list for PBXNativeTarget "EssentialFeedAPIEndToEndTests" */;
			buildPhases = (
				0AAAE16E2903C0750063A8A6 /* Sources */,
				0AAAE16F2903C0750063A8A6 /* Frameworks */,
				0AAAE1702903C0750063A8A6 /* Resources */,
			);
			buildRules = (
			);
			dependencies = (
				0AAAE1782903C0750063A8A6 /* PBXTargetDependency */,
			);
			name = EssentialFeedAPIEndToEndTests;
			productName = EssentialFeedAPIEndToEndTests;
			productReference = 0AAAE1722903C0750063A8A6 /* EssentialFeedAPIEndToEndTests.xctest */;
			productType = "com.apple.product-type.bundle.unit-test";
		};
		0AD277F928EE140A000C3602 /* EssentialFeed */ = {
			isa = PBXNativeTarget;
			buildConfigurationList = 0AD2780C28EE140B000C3602 /* Build configuration list for PBXNativeTarget "EssentialFeed" */;
			buildPhases = (
				0AD277F528EE140A000C3602 /* Headers */,
				0AD277F628EE140A000C3602 /* Sources */,
				0AD277F728EE140A000C3602 /* Frameworks */,
				0AD277F828EE140A000C3602 /* Resources */,
			);
			buildRules = (
			);
			dependencies = (
			);
			name = EssentialFeed;
			productName = EssentialFeed;
			productReference = 0AD277FA28EE140A000C3602 /* EssentialFeed.framework */;
			productType = "com.apple.product-type.framework";
		};
		0AD2780128EE140B000C3602 /* EssentialFeedTests */ = {
			isa = PBXNativeTarget;
			buildConfigurationList = 0AD2780F28EE140B000C3602 /* Build configuration list for PBXNativeTarget "EssentialFeedTests" */;
			buildPhases = (
				0AD277FE28EE140B000C3602 /* Sources */,
				0AD277FF28EE140B000C3602 /* Frameworks */,
				0AD2780028EE140B000C3602 /* Resources */,
			);
			buildRules = (
			);
			dependencies = (
				0AD2780528EE140B000C3602 /* PBXTargetDependency */,
			);
			name = EssentialFeedTests;
			productName = EssentialFeedTests;
			productReference = 0AD2780228EE140B000C3602 /* EssentialFeedTests.xctest */;
			productType = "com.apple.product-type.bundle.unit-test";
		};
/* End PBXNativeTarget section */

/* Begin PBXProject section */
		0AD277F128EE140A000C3602 /* Project object */ = {
			isa = PBXProject;
			attributes = {
				BuildIndependentTargetsInParallel = 1;
				LastSwiftUpdateCheck = 1400;
				LastUpgradeCheck = 1400;
				TargetAttributes = {
					0AAAE1712903C0750063A8A6 = {
						CreatedOnToolsVersion = 14.0;
					};
					0AD277F928EE140A000C3602 = {
						CreatedOnToolsVersion = 14.0;
						LastSwiftMigration = 1400;
					};
					0AD2780128EE140B000C3602 = {
						CreatedOnToolsVersion = 14.0;
						LastSwiftMigration = 1400;
					};
				};
			};
			buildConfigurationList = 0AD277F428EE140A000C3602 /* Build configuration list for PBXProject "EssentialFeed" */;
			compatibilityVersion = "Xcode 14.0";
			developmentRegion = en;
			hasScannedForEncodings = 0;
			knownRegions = (
				en,
				Base,
			);
			mainGroup = 0AD277F028EE140A000C3602;
			productRefGroup = 0AD277FB28EE140A000C3602 /* Products */;
			projectDirPath = "";
			projectRoot = "";
			targets = (
				0AD277F928EE140A000C3602 /* EssentialFeed */,
				0AD2780128EE140B000C3602 /* EssentialFeedTests */,
				0AAAE1712903C0750063A8A6 /* EssentialFeedAPIEndToEndTests */,
			);
		};
/* End PBXProject section */

/* Begin PBXResourcesBuildPhase section */
		0AAAE1702903C0750063A8A6 /* Resources */ = {
			isa = PBXResourcesBuildPhase;
			buildActionMask = 2147483647;
			files = (
			);
			runOnlyForDeploymentPostprocessing = 0;
		};
		0AD277F828EE140A000C3602 /* Resources */ = {
			isa = PBXResourcesBuildPhase;
			buildActionMask = 2147483647;
			files = (
			);
			runOnlyForDeploymentPostprocessing = 0;
		};
		0AD2780028EE140B000C3602 /* Resources */ = {
			isa = PBXResourcesBuildPhase;
			buildActionMask = 2147483647;
			files = (
			);
			runOnlyForDeploymentPostprocessing = 0;
		};
/* End PBXResourcesBuildPhase section */

/* Begin PBXSourcesBuildPhase section */
		0AAAE16E2903C0750063A8A6 /* Sources */ = {
			isa = PBXSourcesBuildPhase;
			buildActionMask = 2147483647;
			files = (
				0AAAE1752903C0750063A8A6 /* EssentialFeedAPIEndToEndTests.swift in Sources */,
				0AD27D5F2903C41300008D13 /* XCTestCase+memoryLeakTracking.swift in Sources */,
			);
			runOnlyForDeploymentPostprocessing = 0;
		};
		0AD277F628EE140A000C3602 /* Sources */ = {
			isa = PBXSourcesBuildPhase;
			buildActionMask = 2147483647;
			files = (
				0A6CF40129144FCF000076EA /* LocalFeedLoader.swift in Sources */,
				0AD2781528EE14C4000C3602 /* FeedLoader.swift in Sources */,
				0A292979291653AC009ED52B /* RemoteFeedItem.swift in Sources */,
				0A0CC6AD28FF32A90069A6C2 /* HTTPClient.swift in Sources */,
				0A32AF1928F1588000FA9341 /* RemoteFeedLoader.swift in Sources */,
				0A29297729165398009ED52B /* LocalFeedImage.swift in Sources */,
				0A6CF40329144FF2000076EA /* FeedStore.swift in Sources */,
				0AD2781328EE1416000C3602 /* FeedImage.swift in Sources */,
				0A0CC6AB28FF32740069A6C2 /* URLSessionHTTPClient.swift in Sources */,
			);
			runOnlyForDeploymentPostprocessing = 0;
		};
		0AD277FE28EE140B000C3602 /* Sources */ = {
			isa = PBXSourcesBuildPhase;
			buildActionMask = 2147483647;
			files = (
				0A292AB929216DC7009ED52B /* FeedCacheTestHelpers.swift in Sources */,
				0AF70A1128EF52B600F8AC7E /* RemoteFeedLoaderTests.swift in Sources */,
				0A39175928FA83D9009D86BD /* URLSessionHTTPClientTests.swift in Sources */,
				0A292AB729216907009ED52B /* ValidateFeedUseCaseTests.swift in Sources */,
				0A292980291AAE60009ED52B /* FeedStoreSpy.swift in Sources */,
				0ADC7E132910CDFA00781E90 /* CacheFeedUseCaseTests.swift in Sources */,
				0A29297D291AADEA009ED52B /* LoadFeedFromCacheUseCaseTests.swift in Sources */,
				0AD27D5E2903C3D900008D13 /* XCTestCase+memoryLeakTracking.swift in Sources */,
			);
			runOnlyForDeploymentPostprocessing = 0;
		};
/* End PBXSourcesBuildPhase section */

/* Begin PBXTargetDependency section */
		0AAAE1782903C0750063A8A6 /* PBXTargetDependency */ = {
			isa = PBXTargetDependency;
			target = 0AD277F928EE140A000C3602 /* EssentialFeed */;
			targetProxy = 0AAAE1772903C0750063A8A6 /* PBXContainerItemProxy */;
		};
		0AD2780528EE140B000C3602 /* PBXTargetDependency */ = {
			isa = PBXTargetDependency;
			target = 0AD277F928EE140A000C3602 /* EssentialFeed */;
			targetProxy = 0AD2780428EE140B000C3602 /* PBXContainerItemProxy */;
		};
/* End PBXTargetDependency section */

/* Begin XCBuildConfiguration section */
		0AAAE1792903C0750063A8A6 /* Debug */ = {
			isa = XCBuildConfiguration;
			buildSettings = {
				CODE_SIGN_STYLE = Automatic;
				CURRENT_PROJECT_VERSION = 1;
				DEVELOPMENT_TEAM = P6K9N4LAHS;
				GENERATE_INFOPLIST_FILE = YES;
				MARKETING_VERSION = 1.0;
				PRODUCT_BUNDLE_IDENTIFIER = "Entexy.com.HI-FLY.EssentialFeedAPIEndToEndTests";
				PRODUCT_NAME = "$(TARGET_NAME)";
				SWIFT_EMIT_LOC_STRINGS = NO;
				SWIFT_VERSION = 5.0;
			};
			name = Debug;
		};
		0AAAE17A2903C0750063A8A6 /* Release */ = {
			isa = XCBuildConfiguration;
			buildSettings = {
				CODE_SIGN_STYLE = Automatic;
				CURRENT_PROJECT_VERSION = 1;
				DEVELOPMENT_TEAM = P6K9N4LAHS;
				GENERATE_INFOPLIST_FILE = YES;
				MARKETING_VERSION = 1.0;
				PRODUCT_BUNDLE_IDENTIFIER = "Entexy.com.HI-FLY.EssentialFeedAPIEndToEndTests";
				PRODUCT_NAME = "$(TARGET_NAME)";
				SWIFT_EMIT_LOC_STRINGS = NO;
				SWIFT_VERSION = 5.0;
			};
			name = Release;
		};
		0AD2780A28EE140B000C3602 /* Debug */ = {
			isa = XCBuildConfiguration;
			buildSettings = {
				ALWAYS_SEARCH_USER_PATHS = NO;
				CLANG_ANALYZER_NONNULL = YES;
				CLANG_ANALYZER_NUMBER_OBJECT_CONVERSION = YES_AGGRESSIVE;
				CLANG_CXX_LANGUAGE_STANDARD = "gnu++20";
				CLANG_ENABLE_MODULES = YES;
				CLANG_ENABLE_OBJC_ARC = YES;
				CLANG_ENABLE_OBJC_WEAK = YES;
				CLANG_WARN_BLOCK_CAPTURE_AUTORELEASING = YES;
				CLANG_WARN_BOOL_CONVERSION = YES;
				CLANG_WARN_COMMA = YES;
				CLANG_WARN_CONSTANT_CONVERSION = YES;
				CLANG_WARN_DEPRECATED_OBJC_IMPLEMENTATIONS = YES;
				CLANG_WARN_DIRECT_OBJC_ISA_USAGE = YES_ERROR;
				CLANG_WARN_DOCUMENTATION_COMMENTS = YES;
				CLANG_WARN_EMPTY_BODY = YES;
				CLANG_WARN_ENUM_CONVERSION = YES;
				CLANG_WARN_INFINITE_RECURSION = YES;
				CLANG_WARN_INT_CONVERSION = YES;
				CLANG_WARN_NON_LITERAL_NULL_CONVERSION = YES;
				CLANG_WARN_OBJC_IMPLICIT_RETAIN_SELF = YES;
				CLANG_WARN_OBJC_LITERAL_CONVERSION = YES;
				CLANG_WARN_OBJC_ROOT_CLASS = YES_ERROR;
				CLANG_WARN_QUOTED_INCLUDE_IN_FRAMEWORK_HEADER = YES;
				CLANG_WARN_RANGE_LOOP_ANALYSIS = YES;
				CLANG_WARN_STRICT_PROTOTYPES = YES;
				CLANG_WARN_SUSPICIOUS_MOVE = YES;
				CLANG_WARN_UNGUARDED_AVAILABILITY = YES_AGGRESSIVE;
				CLANG_WARN_UNREACHABLE_CODE = YES;
				CLANG_WARN__DUPLICATE_METHOD_MATCH = YES;
				COPY_PHASE_STRIP = NO;
				CURRENT_PROJECT_VERSION = 1;
				DEBUG_INFORMATION_FORMAT = dwarf;
				ENABLE_STRICT_OBJC_MSGSEND = YES;
				ENABLE_TESTABILITY = YES;
				GCC_C_LANGUAGE_STANDARD = gnu11;
				GCC_DYNAMIC_NO_PIC = NO;
				GCC_NO_COMMON_BLOCKS = YES;
				GCC_OPTIMIZATION_LEVEL = 0;
				GCC_PREPROCESSOR_DEFINITIONS = (
					"DEBUG=1",
					"$(inherited)",
				);
				GCC_WARN_64_TO_32_BIT_CONVERSION = YES;
				GCC_WARN_ABOUT_RETURN_TYPE = YES_ERROR;
				GCC_WARN_UNDECLARED_SELECTOR = YES;
				GCC_WARN_UNINITIALIZED_AUTOS = YES_AGGRESSIVE;
				GCC_WARN_UNUSED_FUNCTION = YES;
				GCC_WARN_UNUSED_VARIABLE = YES;
				MACOSX_DEPLOYMENT_TARGET = 12.3;
				MTL_ENABLE_DEBUG_INFO = INCLUDE_SOURCE;
				MTL_FAST_MATH = YES;
				ONLY_ACTIVE_ARCH = YES;
				SDKROOT = macosx;
				SWIFT_ACTIVE_COMPILATION_CONDITIONS = DEBUG;
				SWIFT_OPTIMIZATION_LEVEL = "-Onone";
				VERSIONING_SYSTEM = "apple-generic";
				VERSION_INFO_PREFIX = "";
			};
			name = Debug;
		};
		0AD2780B28EE140B000C3602 /* Release */ = {
			isa = XCBuildConfiguration;
			buildSettings = {
				ALWAYS_SEARCH_USER_PATHS = NO;
				CLANG_ANALYZER_NONNULL = YES;
				CLANG_ANALYZER_NUMBER_OBJECT_CONVERSION = YES_AGGRESSIVE;
				CLANG_CXX_LANGUAGE_STANDARD = "gnu++20";
				CLANG_ENABLE_MODULES = YES;
				CLANG_ENABLE_OBJC_ARC = YES;
				CLANG_ENABLE_OBJC_WEAK = YES;
				CLANG_WARN_BLOCK_CAPTURE_AUTORELEASING = YES;
				CLANG_WARN_BOOL_CONVERSION = YES;
				CLANG_WARN_COMMA = YES;
				CLANG_WARN_CONSTANT_CONVERSION = YES;
				CLANG_WARN_DEPRECATED_OBJC_IMPLEMENTATIONS = YES;
				CLANG_WARN_DIRECT_OBJC_ISA_USAGE = YES_ERROR;
				CLANG_WARN_DOCUMENTATION_COMMENTS = YES;
				CLANG_WARN_EMPTY_BODY = YES;
				CLANG_WARN_ENUM_CONVERSION = YES;
				CLANG_WARN_INFINITE_RECURSION = YES;
				CLANG_WARN_INT_CONVERSION = YES;
				CLANG_WARN_NON_LITERAL_NULL_CONVERSION = YES;
				CLANG_WARN_OBJC_IMPLICIT_RETAIN_SELF = YES;
				CLANG_WARN_OBJC_LITERAL_CONVERSION = YES;
				CLANG_WARN_OBJC_ROOT_CLASS = YES_ERROR;
				CLANG_WARN_QUOTED_INCLUDE_IN_FRAMEWORK_HEADER = YES;
				CLANG_WARN_RANGE_LOOP_ANALYSIS = YES;
				CLANG_WARN_STRICT_PROTOTYPES = YES;
				CLANG_WARN_SUSPICIOUS_MOVE = YES;
				CLANG_WARN_UNGUARDED_AVAILABILITY = YES_AGGRESSIVE;
				CLANG_WARN_UNREACHABLE_CODE = YES;
				CLANG_WARN__DUPLICATE_METHOD_MATCH = YES;
				COPY_PHASE_STRIP = NO;
				CURRENT_PROJECT_VERSION = 1;
				DEBUG_INFORMATION_FORMAT = "dwarf-with-dsym";
				ENABLE_NS_ASSERTIONS = NO;
				ENABLE_STRICT_OBJC_MSGSEND = YES;
				GCC_C_LANGUAGE_STANDARD = gnu11;
				GCC_NO_COMMON_BLOCKS = YES;
				GCC_WARN_64_TO_32_BIT_CONVERSION = YES;
				GCC_WARN_ABOUT_RETURN_TYPE = YES_ERROR;
				GCC_WARN_UNDECLARED_SELECTOR = YES;
				GCC_WARN_UNINITIALIZED_AUTOS = YES_AGGRESSIVE;
				GCC_WARN_UNUSED_FUNCTION = YES;
				GCC_WARN_UNUSED_VARIABLE = YES;
				MACOSX_DEPLOYMENT_TARGET = 12.3;
				MTL_ENABLE_DEBUG_INFO = NO;
				MTL_FAST_MATH = YES;
				SDKROOT = macosx;
				SWIFT_COMPILATION_MODE = wholemodule;
				SWIFT_OPTIMIZATION_LEVEL = "-O";
				VERSIONING_SYSTEM = "apple-generic";
				VERSION_INFO_PREFIX = "";
			};
			name = Release;
		};
		0AD2780D28EE140B000C3602 /* Debug */ = {
			isa = XCBuildConfiguration;
			buildSettings = {
				CLANG_ENABLE_MODULES = YES;
				CODE_SIGN_STYLE = Automatic;
				COMBINE_HIDPI_IMAGES = YES;
				CURRENT_PROJECT_VERSION = 1;
				DEFINES_MODULE = YES;
				DYLIB_COMPATIBILITY_VERSION = 1;
				DYLIB_CURRENT_VERSION = 1;
				DYLIB_INSTALL_NAME_BASE = "@rpath";
				GENERATE_INFOPLIST_FILE = YES;
				INFOPLIST_KEY_NSHumanReadableCopyright = "";
				INSTALL_PATH = "$(LOCAL_LIBRARY_DIR)/Frameworks";
				LD_RUNPATH_SEARCH_PATHS = (
					"$(inherited)",
					"@executable_path/../Frameworks",
					"@loader_path/Frameworks",
				);
				MARKETING_VERSION = 1.0;
				PRODUCT_BUNDLE_IDENTIFIER = Playground.EssentialFeed;
				PRODUCT_NAME = "$(TARGET_NAME:c99extidentifier)";
				SKIP_INSTALL = YES;
				SWIFT_EMIT_LOC_STRINGS = YES;
				SWIFT_OPTIMIZATION_LEVEL = "-Onone";
				SWIFT_VERSION = 5.0;
			};
			name = Debug;
		};
		0AD2780E28EE140B000C3602 /* Release */ = {
			isa = XCBuildConfiguration;
			buildSettings = {
				CLANG_ENABLE_MODULES = YES;
				CODE_SIGN_STYLE = Automatic;
				COMBINE_HIDPI_IMAGES = YES;
				CURRENT_PROJECT_VERSION = 1;
				DEFINES_MODULE = YES;
				DYLIB_COMPATIBILITY_VERSION = 1;
				DYLIB_CURRENT_VERSION = 1;
				DYLIB_INSTALL_NAME_BASE = "@rpath";
				GENERATE_INFOPLIST_FILE = YES;
				INFOPLIST_KEY_NSHumanReadableCopyright = "";
				INSTALL_PATH = "$(LOCAL_LIBRARY_DIR)/Frameworks";
				LD_RUNPATH_SEARCH_PATHS = (
					"$(inherited)",
					"@executable_path/../Frameworks",
					"@loader_path/Frameworks",
				);
				MARKETING_VERSION = 1.0;
				PRODUCT_BUNDLE_IDENTIFIER = Playground.EssentialFeed;
				PRODUCT_NAME = "$(TARGET_NAME:c99extidentifier)";
				SKIP_INSTALL = YES;
				SWIFT_EMIT_LOC_STRINGS = YES;
				SWIFT_VERSION = 5.0;
			};
			name = Release;
		};
		0AD2781028EE140B000C3602 /* Debug */ = {
			isa = XCBuildConfiguration;
			buildSettings = {
				ALWAYS_EMBED_SWIFT_STANDARD_LIBRARIES = YES;
				CLANG_ENABLE_MODULES = YES;
				CODE_SIGN_STYLE = Automatic;
				CURRENT_PROJECT_VERSION = 1;
				GENERATE_INFOPLIST_FILE = YES;
				LD_RUNPATH_SEARCH_PATHS = (
					"$(inherited)",
					"@executable_path/../Frameworks",
					"@loader_path/../Frameworks",
				);
				MARKETING_VERSION = 1.0;
				PRODUCT_BUNDLE_IDENTIFIER = Playground.EssentialFeedTests;
				PRODUCT_NAME = "$(TARGET_NAME)";
				SWIFT_EMIT_LOC_STRINGS = NO;
				SWIFT_OBJC_BRIDGING_HEADER = "EssentialFeedTests/EssentialFeedTests-Bridging-Header.h";
				SWIFT_OPTIMIZATION_LEVEL = "-Onone";
				SWIFT_VERSION = 5.0;
			};
			name = Debug;
		};
		0AD2781128EE140B000C3602 /* Release */ = {
			isa = XCBuildConfiguration;
			buildSettings = {
				ALWAYS_EMBED_SWIFT_STANDARD_LIBRARIES = YES;
				CLANG_ENABLE_MODULES = YES;
				CODE_SIGN_STYLE = Automatic;
				CURRENT_PROJECT_VERSION = 1;
				GENERATE_INFOPLIST_FILE = YES;
				LD_RUNPATH_SEARCH_PATHS = (
					"$(inherited)",
					"@executable_path/../Frameworks",
					"@loader_path/../Frameworks",
				);
				MARKETING_VERSION = 1.0;
				PRODUCT_BUNDLE_IDENTIFIER = Playground.EssentialFeedTests;
				PRODUCT_NAME = "$(TARGET_NAME)";
				SWIFT_EMIT_LOC_STRINGS = NO;
				SWIFT_OBJC_BRIDGING_HEADER = "EssentialFeedTests/EssentialFeedTests-Bridging-Header.h";
				SWIFT_VERSION = 5.0;
			};
			name = Release;
		};
/* End XCBuildConfiguration section */

/* Begin XCConfigurationList section */
		0AAAE17B2903C0750063A8A6 /* Build configuration list for PBXNativeTarget "EssentialFeedAPIEndToEndTests" */ = {
			isa = XCConfigurationList;
			buildConfigurations = (
				0AAAE1792903C0750063A8A6 /* Debug */,
				0AAAE17A2903C0750063A8A6 /* Release */,
			);
			defaultConfigurationIsVisible = 0;
			defaultConfigurationName = Release;
		};
		0AD277F428EE140A000C3602 /* Build configuration list for PBXProject "EssentialFeed" */ = {
			isa = XCConfigurationList;
			buildConfigurations = (
				0AD2780A28EE140B000C3602 /* Debug */,
				0AD2780B28EE140B000C3602 /* Release */,
			);
			defaultConfigurationIsVisible = 0;
			defaultConfigurationName = Release;
		};
		0AD2780C28EE140B000C3602 /* Build configuration list for PBXNativeTarget "EssentialFeed" */ = {
			isa = XCConfigurationList;
			buildConfigurations = (
				0AD2780D28EE140B000C3602 /* Debug */,
				0AD2780E28EE140B000C3602 /* Release */,
			);
			defaultConfigurationIsVisible = 0;
			defaultConfigurationName = Release;
		};
		0AD2780F28EE140B000C3602 /* Build configuration list for PBXNativeTarget "EssentialFeedTests" */ = {
			isa = XCConfigurationList;
			buildConfigurations = (
				0AD2781028EE140B000C3602 /* Debug */,
				0AD2781128EE140B000C3602 /* Release */,
			);
			defaultConfigurationIsVisible = 0;
			defaultConfigurationName = Release;
		};
/* End XCConfigurationList section */
	};
	rootObject = 0AD277F128EE140A000C3602 /* Project object */;
}
